// !$*UTF8*$!
{
	archiveVersion = 1;
	classes = {
	};
	objectVersion = 46;
	objects = {

/* Begin PBXBuildFile section */
		688CD25919CCDE4E001E6F55 /* AppDelegate.swift in Sources */ = {isa = PBXBuildFile; fileRef = 688CD25819CCDE4E001E6F55 /* AppDelegate.swift */; };
		688CD25B19CCDE4E001E6F55 /* ViewController.swift in Sources */ = {isa = PBXBuildFile; fileRef = 688CD25A19CCDE4E001E6F55 /* ViewController.swift */; };
		688CD25E19CCDE4E001E6F55 /* Main.storyboard in Resources */ = {isa = PBXBuildFile; fileRef = 688CD25C19CCDE4E001E6F55 /* Main.storyboard */; };
		688CD26019CCDE4F001E6F55 /* Images.xcassets in Resources */ = {isa = PBXBuildFile; fileRef = 688CD25F19CCDE4E001E6F55 /* Images.xcassets */; };
		688CD26319CCDE4F001E6F55 /* LaunchScreen.xib in Resources */ = {isa = PBXBuildFile; fileRef = 688CD26119CCDE4F001E6F55 /* LaunchScreen.xib */; };
		688CD26F19CCDE4F001E6F55 /* TaskItTests.swift in Sources */ = {isa = PBXBuildFile; fileRef = 688CD26E19CCDE4F001E6F55 /* TaskItTests.swift */; };
		688CD27919CCEC55001E6F55 /* TaskCell.swift in Sources */ = {isa = PBXBuildFile; fileRef = 688CD27819CCEC55001E6F55 /* TaskCell.swift */; };
		68EC7A4319CD1B7F00BC915A /* TaskDetailViewController.swift in Sources */ = {isa = PBXBuildFile; fileRef = 68EC7A4219CD1B7F00BC915A /* TaskDetailViewController.swift */; };
		68EC7A4519CD267200BC915A /* Date.swift in Sources */ = {isa = PBXBuildFile; fileRef = 68EC7A4419CD267200BC915A /* Date.swift */; };
		68F5D88019D0AEB700B6D3F8 /* AddTaskViewController.swift in Sources */ = {isa = PBXBuildFile; fileRef = 68F5D87F19D0AEB700B6D3F8 /* AddTaskViewController.swift */; };
		68F5D88219D0E8A200B6D3F8 /* CoreData.framework in Frameworks */ = {isa = PBXBuildFile; fileRef = 68F5D88119D0E8A200B6D3F8 /* CoreData.framework */; };
		68F5D88519D0EA9D00B6D3F8 /* TaskitModel.xcdatamodeld in Sources */ = {isa = PBXBuildFile; fileRef = 68F5D88319D0EA9D00B6D3F8 /* TaskitModel.xcdatamodeld */; };
		68F5D88719D0EB9A00B6D3F8 /* TaskModel.swift in Sources */ = {isa = PBXBuildFile; fileRef = 68F5D88619D0EB9A00B6D3F8 /* TaskModel.swift */; };
/* End PBXBuildFile section */

/* Begin PBXContainerItemProxy section */
		688CD26919CCDE4F001E6F55 /* PBXContainerItemProxy */ = {
			isa = PBXContainerItemProxy;
			containerPortal = 688CD24B19CCDE4E001E6F55 /* Project object */;
			proxyType = 1;
			remoteGlobalIDString = 688CD25219CCDE4E001E6F55;
			remoteInfo = TaskIt;
		};
/* End PBXContainerItemProxy section */

/* Begin PBXFileReference section */
		688CD25319CCDE4E001E6F55 /* TaskIt.app */ = {isa = PBXFileReference; explicitFileType = wrapper.application; includeInIndex = 0; path = TaskIt.app; sourceTree = BUILT_PRODUCTS_DIR; };
		688CD25719CCDE4E001E6F55 /* Info.plist */ = {isa = PBXFileReference; lastKnownFileType = text.plist.xml; path = Info.plist; sourceTree = "<group>"; };
		688CD25819CCDE4E001E6F55 /* AppDelegate.swift */ = {isa = PBXFileReference; lastKnownFileType = sourcecode.swift; path = AppDelegate.swift; sourceTree = "<group>"; };
		688CD25A19CCDE4E001E6F55 /* ViewController.swift */ = {isa = PBXFileReference; lastKnownFileType = sourcecode.swift; path = ViewController.swift; sourceTree = "<group>"; };
		688CD25D19CCDE4E001E6F55 /* Base */ = {isa = PBXFileReference; lastKnownFileType = file.storyboard; name = Base; path = Base.lproj/Main.storyboard; sourceTree = "<group>"; };
		688CD25F19CCDE4E001E6F55 /* Images.xcassets */ = {isa = PBXFileReference; lastKnownFileType = folder.assetcatalog; path = Images.xcassets; sourceTree = "<group>"; };
		688CD26219CCDE4F001E6F55 /* Base */ = {isa = PBXFileReference; lastKnownFileType = file.xib; name = Base; path = Base.lproj/LaunchScreen.xib; sourceTree = "<group>"; };
		688CD26819CCDE4F001E6F55 /* TaskItTests.xctest */ = {isa = PBXFileReference; explicitFileType = wrapper.cfbundle; includeInIndex = 0; path = TaskItTests.xctest; sourceTree = BUILT_PRODUCTS_DIR; };
		688CD26D19CCDE4F001E6F55 /* Info.plist */ = {isa = PBXFileReference; lastKnownFileType = text.plist.xml; path = Info.plist; sourceTree = "<group>"; };
		688CD26E19CCDE4F001E6F55 /* TaskItTests.swift */ = {isa = PBXFileReference; lastKnownFileType = sourcecode.swift; path = TaskItTests.swift; sourceTree = "<group>"; };
		688CD27819CCEC55001E6F55 /* TaskCell.swift */ = {isa = PBXFileReference; fileEncoding = 4; lastKnownFileType = sourcecode.swift; path = TaskCell.swift; sourceTree = "<group>"; };
		68EC7A4219CD1B7F00BC915A /* TaskDetailViewController.swift */ = {isa = PBXFileReference; fileEncoding = 4; lastKnownFileType = sourcecode.swift; path = TaskDetailViewController.swift; sourceTree = "<group>"; };
		68EC7A4419CD267200BC915A /* Date.swift */ = {isa = PBXFileReference; fileEncoding = 4; lastKnownFileType = sourcecode.swift; path = Date.swift; sourceTree = "<group>"; };
		68F5D87F19D0AEB700B6D3F8 /* AddTaskViewController.swift */ = {isa = PBXFileReference; fileEncoding = 4; lastKnownFileType = sourcecode.swift; path = AddTaskViewController.swift; sourceTree = "<group>"; };
		68F5D88119D0E8A200B6D3F8 /* CoreData.framework */ = {isa = PBXFileReference; lastKnownFileType = wrapper.framework; name = CoreData.framework; path = System/Library/Frameworks/CoreData.framework; sourceTree = SDKROOT; };
		68F5D88419D0EA9D00B6D3F8 /* TaskitModel.xcdatamodel */ = {isa = PBXFileReference; lastKnownFileType = wrapper.xcdatamodel; path = TaskitModel.xcdatamodel; sourceTree = "<group>"; };
		68F5D88619D0EB9A00B6D3F8 /* TaskModel.swift */ = {isa = PBXFileReference; fileEncoding = 4; lastKnownFileType = sourcecode.swift; path = TaskModel.swift; sourceTree = "<group>"; };
/* End PBXFileReference section */

/* Begin PBXFrameworksBuildPhase section */
		688CD25019CCDE4E001E6F55 /* Frameworks */ = {
			isa = PBXFrameworksBuildPhase;
			buildActionMask = 2147483647;
			files = (
				68F5D88219D0E8A200B6D3F8 /* CoreData.framework in Frameworks */,
			);
			runOnlyForDeploymentPostprocessing = 0;
		};
		688CD26519CCDE4F001E6F55 /* Frameworks */ = {
			isa = PBXFrameworksBuildPhase;
			buildActionMask = 2147483647;
			files = (
			);
			runOnlyForDeploymentPostprocessing = 0;
		};
/* End PBXFrameworksBuildPhase section */

/* Begin PBXGroup section */
		688CD24A19CCDE4E001E6F55 = {
			isa = PBXGroup;
			children = (
				688CD25519CCDE4E001E6F55 /* TaskIt */,
				688CD26B19CCDE4F001E6F55 /* TaskItTests */,
				688CD25419CCDE4E001E6F55 /* Products */,
			);
			sourceTree = "<group>";
		};
		688CD25419CCDE4E001E6F55 /* Products */ = {
			isa = PBXGroup;
			children = (
				688CD25319CCDE4E001E6F55 /* TaskIt.app */,
				688CD26819CCDE4F001E6F55 /* TaskItTests.xctest */,
			);
			name = Products;
			sourceTree = "<group>";
		};
		688CD25519CCDE4E001E6F55 /* TaskIt */ = {
			isa = PBXGroup;
			children = (
				688CD25819CCDE4E001E6F55 /* AppDelegate.swift */,
				68F5D87F19D0AEB700B6D3F8 /* AddTaskViewController.swift */,
				688CD25A19CCDE4E001E6F55 /* ViewController.swift */,
				68EC7A4219CD1B7F00BC915A /* TaskDetailViewController.swift */,
				688CD27819CCEC55001E6F55 /* TaskCell.swift */,
				68EC7A4419CD267200BC915A /* Date.swift */,
				68F5D88619D0EB9A00B6D3F8 /* TaskModel.swift */,
				688CD25C19CCDE4E001E6F55 /* Main.storyboard */,
				68F5D88319D0EA9D00B6D3F8 /* TaskitModel.xcdatamodeld */,
				688CD25F19CCDE4E001E6F55 /* Images.xcassets */,
				688CD26119CCDE4F001E6F55 /* LaunchScreen.xib */,
				688CD25619CCDE4E001E6F55 /* Supporting Files */,
			);
			path = TaskIt;
			sourceTree = "<group>";
		};
		688CD25619CCDE4E001E6F55 /* Supporting Files */ = {
			isa = PBXGroup;
			children = (
				68F5D88119D0E8A200B6D3F8 /* CoreData.framework */,
				688CD25719CCDE4E001E6F55 /* Info.plist */,
			);
			name = "Supporting Files";
			sourceTree = "<group>";
		};
		688CD26B19CCDE4F001E6F55 /* TaskItTests */ = {
			isa = PBXGroup;
			children = (
				688CD26E19CCDE4F001E6F55 /* TaskItTests.swift */,
				688CD26C19CCDE4F001E6F55 /* Supporting Files */,
			);
			path = TaskItTests;
			sourceTree = "<group>";
		};
		688CD26C19CCDE4F001E6F55 /* Supporting Files */ = {
			isa = PBXGroup;
			children = (
				688CD26D19CCDE4F001E6F55 /* Info.plist */,
			);
			name = "Supporting Files";
			sourceTree = "<group>";
		};
/* End PBXGroup section */

/* Begin PBXNativeTarget section */
		688CD25219CCDE4E001E6F55 /* TaskIt */ = {
			isa = PBXNativeTarget;
			buildConfigurationList = 688CD27219CCDE4F001E6F55 /* Build configuration list for PBXNativeTarget "TaskIt" */;
			buildPhases = (
				688CD24F19CCDE4E001E6F55 /* Sources */,
				688CD25019CCDE4E001E6F55 /* Frameworks */,
				688CD25119CCDE4E001E6F55 /* Resources */,
			);
			buildRules = (
			);
			dependencies = (
			);
			name = TaskIt;
			productName = TaskIt;
			productReference = 688CD25319CCDE4E001E6F55 /* TaskIt.app */;
			productType = "com.apple.product-type.application";
		};
		688CD26719CCDE4F001E6F55 /* TaskItTests */ = {
			isa = PBXNativeTarget;
			buildConfigurationList = 688CD27519CCDE4F001E6F55 /* Build configuration list for PBXNativeTarget "TaskItTests" */;
			buildPhases = (
				688CD26419CCDE4F001E6F55 /* Sources */,
				688CD26519CCDE4F001E6F55 /* Frameworks */,
				688CD26619CCDE4F001E6F55 /* Resources */,
			);
			buildRules = (
			);
			dependencies = (
				688CD26A19CCDE4F001E6F55 /* PBXTargetDependency */,
			);
			name = TaskItTests;
			productName = TaskItTests;
			productReference = 688CD26819CCDE4F001E6F55 /* TaskItTests.xctest */;
			productType = "com.apple.product-type.bundle.unit-test";
		};
/* End PBXNativeTarget section */

/* Begin PBXProject section */
		688CD24B19CCDE4E001E6F55 /* Project object */ = {
			isa = PBXProject;
			attributes = {
				LastUpgradeCheck = 0600;
				ORGANIZATIONNAME = KT;
				TargetAttributes = {
					688CD25219CCDE4E001E6F55 = {
						CreatedOnToolsVersion = 6.0;
					};
					688CD26719CCDE4F001E6F55 = {
						CreatedOnToolsVersion = 6.0;
						TestTargetID = 688CD25219CCDE4E001E6F55;
					};
				};
			};
			buildConfigurationList = 688CD24E19CCDE4E001E6F55 /* Build configuration list for PBXProject "TaskIt" */;
			compatibilityVersion = "Xcode 3.2";
			developmentRegion = English;
			hasScannedForEncodings = 0;
			knownRegions = (
				en,
				Base,
			);
			mainGroup = 688CD24A19CCDE4E001E6F55;
			productRefGroup = 688CD25419CCDE4E001E6F55 /* Products */;
			projectDirPath = "";
			projectRoot = "";
			targets = (
				688CD25219CCDE4E001E6F55 /* TaskIt */,
				688CD26719CCDE4F001E6F55 /* TaskItTests */,
			);
		};
/* End PBXProject section */

/* Begin PBXResourcesBuildPhase section */
		688CD25119CCDE4E001E6F55 /* Resources */ = {
			isa = PBXResourcesBuildPhase;
			buildActionMask = 2147483647;
			files = (
				688CD25E19CCDE4E001E6F55 /* Main.storyboard in Resources */,
				688CD26319CCDE4F001E6F55 /* LaunchScreen.xib in Resources */,
				688CD26019CCDE4F001E6F55 /* Images.xcassets in Resources */,
			);
			runOnlyForDeploymentPostprocessing = 0;
		};
		688CD26619CCDE4F001E6F55 /* Resources */ = {
			isa = PBXResourcesBuildPhase;
			buildActionMask = 2147483647;
			files = (
			);
			runOnlyForDeploymentPostprocessing = 0;
		};
/* End PBXResourcesBuildPhase section */

/* Begin PBXSourcesBuildPhase section */
		688CD24F19CCDE4E001E6F55 /* Sources */ = {
			isa = PBXSourcesBuildPhase;
			buildActionMask = 2147483647;
			files = (
				688CD25B19CCDE4E001E6F55 /* ViewController.swift in Sources */,
				68F5D88519D0EA9D00B6D3F8 /* TaskitModel.xcdatamodeld in Sources */,
				68EC7A4519CD267200BC915A /* Date.swift in Sources */,
				688CD27919CCEC55001E6F55 /* TaskCell.swift in Sources */,
				688CD25919CCDE4E001E6F55 /* AppDelegate.swift in Sources */,
				68EC7A4319CD1B7F00BC915A /* TaskDetailViewController.swift in Sources */,
				68F5D88719D0EB9A00B6D3F8 /* TaskModel.swift in Sources */,
				68F5D88019D0AEB700B6D3F8 /* AddTaskViewController.swift in Sources */,
			);
			runOnlyForDeploymentPostprocessing = 0;
		};
		688CD26419CCDE4F001E6F55 /* Sources */ = {
			isa = PBXSourcesBuildPhase;
			buildActionMask = 2147483647;
			files = (
				688CD26F19CCDE4F001E6F55 /* TaskItTests.swift in Sources */,
			);
			runOnlyForDeploymentPostprocessing = 0;
		};
/* End PBXSourcesBuildPhase section */

/* Begin PBXTargetDependency section */
		688CD26A19CCDE4F001E6F55 /* PBXTargetDependency */ = {
			isa = PBXTargetDependency;
			target = 688CD25219CCDE4E001E6F55 /* TaskIt */;
			targetProxy = 688CD26919CCDE4F001E6F55 /* PBXContainerItemProxy */;
		};
/* End PBXTargetDependency section */

/* Begin PBXVariantGroup section */
		688CD25C19CCDE4E001E6F55 /* Main.storyboard */ = {
			isa = PBXVariantGroup;
			children = (
				688CD25D19CCDE4E001E6F55 /* Base */,
			);
			name = Main.storyboard;
			sourceTree = "<group>";
		};
		688CD26119CCDE4F001E6F55 /* LaunchScreen.xib */ = {
			isa = PBXVariantGroup;
			children = (
				688CD26219CCDE4F001E6F55 /* Base */,
			);
			name = LaunchScreen.xib;
			sourceTree = "<group>";
		};
/* End PBXVariantGroup section */

/* Begin XCBuildConfiguration section */
		688CD27019CCDE4F001E6F55 /* Debug */ = {
			isa = XCBuildConfiguration;
			buildSettings = {
				ALWAYS_SEARCH_USER_PATHS = NO;
				CLANG_CXX_LANGUAGE_STANDARD = "gnu++0x";
				CLANG_CXX_LIBRARY = "libc++";
				CLANG_ENABLE_MODULES = YES;
				CLANG_ENABLE_OBJC_ARC = YES;
				CLANG_WARN_BOOL_CONVERSION = YES;
				CLANG_WARN_CONSTANT_CONVERSION = YES;
				CLANG_WARN_DIRECT_OBJC_ISA_USAGE = YES_ERROR;
				CLANG_WARN_EMPTY_BODY = YES;
				CLANG_WARN_ENUM_CONVERSION = YES;
				CLANG_WARN_INT_CONVERSION = YES;
				CLANG_WARN_OBJC_ROOT_CLASS = YES_ERROR;
				CLANG_WARN_UNREACHABLE_CODE = YES;
				CLANG_WARN__DUPLICATE_METHOD_MATCH = YES;
				"CODE_SIGN_IDENTITY[sdk=iphoneos*]" = "iPhone Developer";
				COPY_PHASE_STRIP = NO;
				ENABLE_STRICT_OBJC_MSGSEND = YES;
				GCC_C_LANGUAGE_STANDARD = gnu99;
				GCC_DYNAMIC_NO_PIC = NO;
				GCC_OPTIMIZATION_LEVEL = 0;
				GCC_PREPROCESSOR_DEFINITIONS = (
					"DEBUG=1",
					"$(inherited)",
				);
				GCC_SYMBOLS_PRIVATE_EXTERN = NO;
				GCC_WARN_64_TO_32_BIT_CONVERSION = YES;
				GCC_WARN_ABOUT_RETURN_TYPE = YES_ERROR;
				GCC_WARN_UNDECLARED_SELECTOR = YES;
				GCC_WARN_UNINITIALIZED_AUTOS = YES_AGGRESSIVE;
				GCC_WARN_UNUSED_FUNCTION = YES;
				GCC_WARN_UNUSED_VARIABLE = YES;
				IPHONEOS_DEPLOYMENT_TARGET = 8.0;
				MTL_ENABLE_DEBUG_INFO = YES;
				ONLY_ACTIVE_ARCH = YES;
				SDKROOT = iphoneos;
				SWIFT_OPTIMIZATION_LEVEL = "-Onone";
				TARGETED_DEVICE_FAMILY = "1,2";
			};
			name = Debug;
		};
		688CD27119CCDE4F001E6F55 /* Release */ = {
			isa = XCBuildConfiguration;
			buildSettings = {
				ALWAYS_SEARCH_USER_PATHS = NO;
				CLANG_CXX_LANGUAGE_STANDARD = "gnu++0x";
				CLANG_CXX_LIBRARY = "libc++";
				CLANG_ENABLE_MODULES = YES;
				CLANG_ENABLE_OBJC_ARC = YES;
				CLANG_WARN_BOOL_CONVERSION = YES;
				CLANG_WARN_CONSTANT_CONVERSION = YES;
				CLANG_WARN_DIRECT_OBJC_ISA_USAGE = YES_ERROR;
				CLANG_WARN_EMPTY_BODY = YES;
				CLANG_WARN_ENUM_CONVERSION = YES;
				CLANG_WARN_INT_CONVERSION = YES;
				CLANG_WARN_OBJC_ROOT_CLASS = YES_ERROR;
				CLANG_WARN_UNREACHABLE_CODE = YES;
				CLANG_WARN__DUPLICATE_METHOD_MATCH = YES;
				"CODE_SIGN_IDENTITY[sdk=iphoneos*]" = "iPhone Developer";
				COPY_PHASE_STRIP = YES;
				ENABLE_NS_ASSERTIONS = NO;
				ENABLE_STRICT_OBJC_MSGSEND = YES;
				GCC_C_LANGUAGE_STANDARD = gnu99;
				GCC_WARN_64_TO_32_BIT_CONVERSION = YES;
				GCC_WARN_ABOUT_RETURN_TYPE = YES_ERROR;
				GCC_WARN_UNDECLARED_SELECTOR = YES;
				GCC_WARN_UNINITIALIZED_AUTOS = YES_AGGRESSIVE;
				GCC_WARN_UNUSED_FUNCTION = YES;
				GCC_WARN_UNUSED_VARIABLE = YES;
				IPHONEOS_DEPLOYMENT_TARGET = 8.0;
				MTL_ENABLE_DEBUG_INFO = NO;
				SDKROOT = iphoneos;
				TARGETED_DEVICE_FAMILY = "1,2";
				VALIDATE_PRODUCT = YES;
			};
			name = Release;
		};
		688CD27319CCDE4F001E6F55 /* Debug */ = {
			isa = XCBuildConfiguration;
			buildSettings = {
				ASSETCATALOG_COMPILER_APPICON_NAME = AppIcon;
				INFOPLIST_FILE = TaskIt/Info.plist;
				LD_RUNPATH_SEARCH_PATHS = "$(inherited) @executable_path/Frameworks";
				PRODUCT_NAME = "$(TARGET_NAME)";
			};
			name = Debug;
		};
		688CD27419CCDE4F001E6F55 /* Release */ = {
			isa = XCBuildConfiguration;
			buildSettings = {
				ASSETCATALOG_COMPILER_APPICON_NAME = AppIcon;
				INFOPLIST_FILE = TaskIt/Info.plist;
				LD_RUNPATH_SEARCH_PATHS = "$(inherited) @executable_path/Frameworks";
				PRODUCT_NAME = "$(TARGET_NAME)";
			};
			name = Release;
		};
		688CD27619CCDE4F001E6F55 /* Debug */ = {
			isa = XCBuildConfiguration;
			buildSettings = {
				BUNDLE_LOADER = "$(TEST_HOST)";
				FRAMEWORK_SEARCH_PATHS = (
					"$(SDKROOT)/Developer/Library/Frameworks",
					"$(inherited)",
				);
				GCC_PREPROCESSOR_DEFINITIONS = (
					"DEBUG=1",
					"$(inherited)",
				);
				INFOPLIST_FILE = TaskItTests/Info.plist;
				LD_RUNPATH_SEARCH_PATHS = "$(inherited) @executable_path/Frameworks @loader_path/Frameworks";
				PRODUCT_NAME = "$(TARGET_NAME)";
				TEST_HOST = "$(BUILT_PRODUCTS_DIR)/TaskIt.app/TaskIt";
			};
			name = Debug;
		};
		688CD27719CCDE4F001E6F55 /* Release */ = {
			isa = XCBuildConfiguration;
			buildSettings = {
				BUNDLE_LOADER = "$(TEST_HOST)";
				FRAMEWORK_SEARCH_PATHS = (
					"$(SDKROOT)/Developer/Library/Frameworks",
					"$(inherited)",
				);
				INFOPLIST_FILE = TaskItTests/Info.plist;
				LD_RUNPATH_SEARCH_PATHS = "$(inherited) @executable_path/Frameworks @loader_path/Frameworks";
				PRODUCT_NAME = "$(TARGET_NAME)";
				TEST_HOST = "$(BUILT_PRODUCTS_DIR)/TaskIt.app/TaskIt";
			};
			name = Release;
		};
/* End XCBuildConfiguration section */

/* Begin XCConfigurationList section */
		688CD24E19CCDE4E001E6F55 /* Build configuration list for PBXProject "TaskIt" */ = {
			isa = XCConfigurationList;
			buildConfigurations = (
				688CD27019CCDE4F001E6F55 /* Debug */,
				688CD27119CCDE4F001E6F55 /* Release */,
			);
			defaultConfigurationIsVisible = 0;
			defaultConfigurationName = Release;
		};
		688CD27219CCDE4F001E6F55 /* Build configuration list for PBXNativeTarget "TaskIt" */ = {
			isa = XCConfigurationList;
			buildConfigurations = (
				688CD27319CCDE4F001E6F55 /* Debug */,
				688CD27419CCDE4F001E6F55 /* Release */,
			);
			defaultConfigurationIsVisible = 0;
			defaultConfigurationName = Release;
		};
		688CD27519CCDE4F001E6F55 /* Build configuration list for PBXNativeTarget "TaskItTests" */ = {
			isa = XCConfigurationList;
			buildConfigurations = (
				688CD27619CCDE4F001E6F55 /* Debug */,
				688CD27719CCDE4F001E6F55 /* Release */,
			);
			defaultConfigurationIsVisible = 0;
			defaultConfigurationName = Release;
		};
/* End XCConfigurationList section */

/* Begin XCVersionGroup section */
		68F5D88319D0EA9D00B6D3F8 /* TaskitModel.xcdatamodeld */ = {
			isa = XCVersionGroup;
			children = (
				68F5D88419D0EA9D00B6D3F8 /* TaskitModel.xcdatamodel */,
			);
			currentVersion = 68F5D88419D0EA9D00B6D3F8 /* TaskitModel.xcdatamodel */;
			path = TaskitModel.xcdatamodeld;
			sourceTree = "<group>";
			versionGroupType = wrapper.xcdatamodel;
		};
/* End XCVersionGroup section */
	};
	rootObject = 688CD24B19CCDE4E001E6F55 /* Project object */;
}
